<?xml version="1.0" encoding="utf-8"?>
<Project ToolsVersion="4.0" xmlns="http://schemas.microsoft.com/developer/msbuild/2003">
  <ItemGroup>
    <Filter Include="include">
      <UniqueIdentifier>{5cf9ac18-668d-4823-846b-802c236a2bb5}</UniqueIdentifier>
    </Filter>
    <Filter Include="include\Base">
      <UniqueIdentifier>{504a3237-7172-4334-af81-fc5ffbf14295}</UniqueIdentifier>
    </Filter>
    <Filter Include="include\Common">
      <UniqueIdentifier>{b1a0ac82-056b-4e5c-b3c9-bab6c46031b0}</UniqueIdentifier>
    </Filter>
    <Filter Include="include\ListenerModels">
      <UniqueIdentifier>{87437ed8-649e-4f99-8c9c-8b0b02641540}</UniqueIdentifier>
    </Filter>
    <Filter Include="include\ProcessingModules">
      <UniqueIdentifier>{a1b2611f-81b4-4b33-baf6-7b928f8747a5}</UniqueIdentifier>
    </Filter>
    <Filter Include="include\Readers">
      <UniqueIdentifier>{e8526713-5122-4ab6-a46c-438bb9a54a46}</UniqueIdentifier>
    </Filter>
    <Filter Include="include\ServiceModules">
      <UniqueIdentifier>{036137f8-25df-41b4-8e75-82179a7ece32}</UniqueIdentifier>
    </Filter>
    <Filter Include="include\SourceModels">
      <UniqueIdentifier>{5a22e7e4-2c38-4dd5-bf6c-66dceb7c6869}</UniqueIdentifier>
    </Filter>
    <Filter Include="include\third_party_libraries">
      <UniqueIdentifier>{b3bda6be-3c6d-4b30-8299-cb565fe752b1}</UniqueIdentifier>
    </Filter>
    <Filter Include="include\third_party_libraries\nlohmann">
      <UniqueIdentifier>{ffcd225d-ef05-43c4-8734-809eb79abf51}</UniqueIdentifier>
    </Filter>
    <Filter Include="include\third_party_libraries\libmysofa">
      <UniqueIdentifier>{743926b0-e01c-43cd-bc16-ec2a7dff7e45}</UniqueIdentifier>
    </Filter>
    <Filter Include="include\third_party_libraries\libmysofa\include">
      <UniqueIdentifier>{1ed5b5da-c681-4b34-b8ed-9f1000930867}</UniqueIdentifier>
    </Filter>
    <Filter Include="include\BinauralFilter">
      <UniqueIdentifier>{8f4bd070-8abc-4cf9-b384-9fade1bb3acc}</UniqueIdentifier>
    </Filter>
    <Filter Include="include\Connectivity">
      <UniqueIdentifier>{d262b131-742f-46af-977d-7da3759c937c}</UniqueIdentifier>
    </Filter>
    <Filter Include="include\EnvironmentModels">
      <UniqueIdentifier>{4e115701-d4d8-4e0f-9abb-fab74baae60b}</UniqueIdentifier>
    </Filter>
    <Filter Include="include\EnvironmentModels\FreeFieldEnvironment">
      <UniqueIdentifier>{d0e9b7be-c1cc-4baf-be2e-8655faae3fb7}</UniqueIdentifier>
    </Filter>
    <Filter Include="include\EnvironmentModels\SDNEnvironment">
      <UniqueIdentifier>{2fbd8db0-c0c0-4a27-84eb-13ebd5437766}</UniqueIdentifier>
    </Filter>
  </ItemGroup>
  <ItemGroup>
    <ClInclude Include="..\..\..\BRTLibrary\include\BRTLibrary.h">
      <Filter>include</Filter>
    </ClInclude>
    <ClInclude Include="..\..\..\BRTLibrary\include\Base\BRTManager.hpp">
      <Filter>include\Base</Filter>
    </ClInclude>
    <ClInclude Include="..\..\..\BRTLibrary\include\Readers\LibMySofaLoader.hpp">
      <Filter>include\Readers</Filter>
    </ClInclude>
    <ClInclude Include="..\..\..\BRTLibrary\include\Readers\SofaReader.hpp">
      <Filter>include\Readers</Filter>
    </ClInclude>
    <ClInclude Include="..\..\..\BRTLibrary\include\third_party_libraries\nlohmann\json.hpp">
      <Filter>include\third_party_libraries\nlohmann</Filter>
    </ClInclude>
    <ClInclude Include="..\..\..\BRTLibrary\include\third_party_libraries\libmysofa\include\mysofa.h">
      <Filter>include\third_party_libraries\libmysofa\include</Filter>
    </ClInclude>
    <ClInclude Include="..\..\..\BRTLibrary\include\Base\Listener.hpp">
      <Filter>include\Base</Filter>
    </ClInclude>
    <ClInclude Include="..\..\..\BRTLibrary\include\Base\ListenerBase.hpp">
      <Filter>include\Base</Filter>
    </ClInclude>
    <ClInclude Include="..\..\..\BRTLibrary\include\Base\ModelBase.hpp">
      <Filter>include\Base</Filter>
    </ClInclude>
    <ClInclude Include="..\..\..\BRTLibrary\include\BinauralFilter\BinauralFilterBase.hpp">
      <Filter>include\BinauralFilter</Filter>
    </ClInclude>
    <ClInclude Include="..\..\..\BRTLibrary\include\BinauralFilter\SOSBinauralFilter.hpp">
      <Filter>include\BinauralFilter</Filter>
    </ClInclude>
    <ClInclude Include="..\..\..\BRTLibrary\include\Connectivity\AdvancedEntryPointManager.hpp">
      <Filter>include\Connectivity</Filter>
    </ClInclude>
    <ClInclude Include="..\..\..\BRTLibrary\include\Connectivity\BRTConnectivity.hpp">
      <Filter>include\Connectivity</Filter>
    </ClInclude>
    <ClInclude Include="..\..\..\BRTLibrary\include\Connectivity\Command.hpp">
      <Filter>include\Connectivity</Filter>
    </ClInclude>
    <ClInclude Include="..\..\..\BRTLibrary\include\Connectivity\CommandEntryPointManager.hpp">
      <Filter>include\Connectivity</Filter>
    </ClInclude>
    <ClInclude Include="..\..\..\BRTLibrary\include\Connectivity\EntryPoint.hpp">
      <Filter>include\Connectivity</Filter>
    </ClInclude>
    <ClInclude Include="..\..\..\BRTLibrary\include\Connectivity\EntryPointManager.hpp">
      <Filter>include\Connectivity</Filter>
    </ClInclude>
    <ClInclude Include="..\..\..\BRTLibrary\include\Connectivity\ExitPoint.hpp">
      <Filter>include\Connectivity</Filter>
    </ClInclude>
    <ClInclude Include="..\..\..\BRTLibrary\include\Connectivity\ExitPointManager.hpp">
      <Filter>include\Connectivity</Filter>
    </ClInclude>
    <ClInclude Include="..\..\..\BRTLibrary\include\Connectivity\ObserverBase.hpp">
      <Filter>include\Connectivity</Filter>
    </ClInclude>
    <ClInclude Include="..\..\..\BRTLibrary\include\Common\AddDelayExpansionMethod.hpp">
      <Filter>include\Common</Filter>
    </ClInclude>
    <ClInclude Include="..\..\..\BRTLibrary\include\Common\AudioMixer.hpp">
      <Filter>include\Common</Filter>
    </ClInclude>
    <ClInclude Include="..\..\..\BRTLibrary\include\Common\BiquadFilter.hpp">
      <Filter>include\Common</Filter>
    </ClInclude>
    <ClInclude Include="..\..\..\BRTLibrary\include\Common\Buffer.hpp">
      <Filter>include\Common</Filter>
    </ClInclude>
    <ClInclude Include="..\..\..\BRTLibrary\include\Common\CommonDefinitions.hpp">
      <Filter>include\Common</Filter>
    </ClInclude>
    <ClInclude Include="..\..\..\BRTLibrary\include\Common\Conventions.hpp">
      <Filter>include\Common</Filter>
    </ClInclude>
    <ClInclude Include="..\..\..\BRTLibrary\include\Common\CranicalGeometry.hpp">
      <Filter>include\Common</Filter>
    </ClInclude>
    <ClInclude Include="..\..\..\BRTLibrary\include\Common\EnvelopeDetector.hpp">
      <Filter>include\Common</Filter>
    </ClInclude>
    <ClInclude Include="..\..\..\BRTLibrary\include\Common\ErrorHandler.hpp">
      <Filter>include\Common</Filter>
    </ClInclude>
    <ClInclude Include="..\..\..\BRTLibrary\include\Common\FFTCalculator.hpp">
      <Filter>include\Common</Filter>
    </ClInclude>
    <ClInclude Include="..\..\..\BRTLibrary\include\Common\fftsg.hpp">
      <Filter>include\Common</Filter>
    </ClInclude>
    <ClInclude Include="..\..\..\BRTLibrary\include\Common\FiltersChain.hpp">
      <Filter>include\Common</Filter>
    </ClInclude>
    <ClInclude Include="..\..\..\BRTLibrary\include\Common\GlobalParameters.hpp">
      <Filter>include\Common</Filter>
    </ClInclude>
    <ClInclude Include="..\..\..\BRTLibrary\include\Common\IRWindowing.hpp">
      <Filter>include\Common</Filter>
    </ClInclude>
    <ClInclude Include="..\..\..\BRTLibrary\include\Common\Profiler.hpp">
      <Filter>include\Common</Filter>
    </ClInclude>
    <ClInclude Include="..\..\..\BRTLibrary\include\Common\Quaternion.hpp">
      <Filter>include\Common</Filter>
    </ClInclude>
    <ClInclude Include="..\..\..\BRTLibrary\include\Common\RMSCalculator.hpp">
      <Filter>include\Common</Filter>
    </ClInclude>
    <ClInclude Include="..\..\..\BRTLibrary\include\Common\Room.hpp">
      <Filter>include\Common</Filter>
    </ClInclude>
    <ClInclude Include="..\..\..\BRTLibrary\include\Common\SourceListenerRelativePositionCalculation.hpp">
      <Filter>include\Common</Filter>
    </ClInclude>
    <ClInclude Include="..\..\..\BRTLibrary\include\Common\Transform.hpp">
      <Filter>include\Common</Filter>
    </ClInclude>
    <ClInclude Include="..\..\..\BRTLibrary\include\Common\Vector3.hpp">
      <Filter>include\Common</Filter>
    </ClInclude>
    <ClInclude Include="..\..\..\BRTLibrary\include\Common\Wall.hpp">
      <Filter>include\Common</Filter>
    </ClInclude>
    <ClInclude Include="..\..\..\BRTLibrary\include\Common\Waveguide.hpp">
      <Filter>include\Common</Filter>
    </ClInclude>
    <ClInclude Include="..\..\..\BRTLibrary\include\ListenerModels\ListenerAmbisonicEnvironmentBRIRModel.hpp">
      <Filter>include\ListenerModels</Filter>
    </ClInclude>
    <ClInclude Include="..\..\..\BRTLibrary\include\ListenerModels\ListenerAmbisonicHRTFModel.hpp">
      <Filter>include\ListenerModels</Filter>
    </ClInclude>
    <ClInclude Include="..\..\..\BRTLibrary\include\ListenerModels\ListenerEnvironmentBRIRModel.hpp">
      <Filter>include\ListenerModels</Filter>
    </ClInclude>
    <ClInclude Include="..\..\..\BRTLibrary\include\ListenerModels\ListenerHRTFModel.hpp">
      <Filter>include\ListenerModels</Filter>
    </ClInclude>
    <ClInclude Include="..\..\..\BRTLibrary\include\ListenerModels\ListenerModelBase.hpp">
      <Filter>include\ListenerModels</Filter>
    </ClInclude>
    <ClInclude Include="..\..\..\BRTLibrary\include\EnvironmentModels\EnvironmentModelBase.hpp">
      <Filter>include\EnvironmentModels</Filter>
    </ClInclude>
    <ClInclude Include="..\..\..\BRTLibrary\include\EnvironmentModels\FreeFieldEnvironmentModel.hpp">
      <Filter>include\EnvironmentModels</Filter>
    </ClInclude>
    <ClInclude Include="..\..\..\BRTLibrary\include\EnvironmentModels\SDNEnvironmentModel.hpp">
      <Filter>include\EnvironmentModels</Filter>
    </ClInclude>
    <ClInclude Include="..\..\..\BRTLibrary\include\EnvironmentModels\VirtualSourceList.hpp">
      <Filter>include\EnvironmentModels</Filter>
    </ClInclude>
    <ClInclude Include="..\..\..\BRTLibrary\include\EnvironmentModels\FreeFieldEnvironment\FreeFieldEnvironment.hpp">
      <Filter>include\EnvironmentModels\FreeFieldEnvironment</Filter>
    </ClInclude>
    <ClInclude Include="..\..\..\BRTLibrary\include\EnvironmentModels\FreeFieldEnvironment\FreeFieldEnvironmentProcessor.hpp">
      <Filter>include\EnvironmentModels\FreeFieldEnvironment</Filter>
    </ClInclude>
    <ClInclude Include="..\..\..\BRTLibrary\include\EnvironmentModels\SDNEnvironment\ScatteringNode.hpp">
      <Filter>include\EnvironmentModels\SDNEnvironment</Filter>
    </ClInclude>
    <ClInclude Include="..\..\..\BRTLibrary\include\EnvironmentModels\SDNEnvironment\SDNDelayLine.hpp">
      <Filter>include\EnvironmentModels\SDNEnvironment</Filter>
    </ClInclude>
    <ClInclude Include="..\..\..\BRTLibrary\include\EnvironmentModels\SDNEnvironment\SDNEnvironment.hpp">
      <Filter>include\EnvironmentModels\SDNEnvironment</Filter>
    </ClInclude>
    <ClInclude Include="..\..\..\BRTLibrary\include\EnvironmentModels\SDNEnvironment\SDNEnvironmentProcessor.hpp">
      <Filter>include\EnvironmentModels\SDNEnvironment</Filter>
    </ClInclude>
    <ClInclude Include="..\..\..\BRTLibrary\include\EnvironmentModels\SDNEnvironment\SDNNode.hpp">
      <Filter>include\EnvironmentModels\SDNEnvironment</Filter>
    </ClInclude>
    <ClInclude Include="..\..\..\BRTLibrary\include\EnvironmentModels\SDNEnvironment\SDNParameters.hpp">
      <Filter>include\EnvironmentModels\SDNEnvironment</Filter>
    </ClInclude>
    <ClInclude Include="..\..\..\BRTLibrary\include\EnvironmentModels\SDNEnvironment\SDNUtils.hpp">
      <Filter>include\EnvironmentModels\SDNEnvironment</Filter>
    </ClInclude>
    <ClInclude Include="..\..\..\BRTLibrary\include\EnvironmentModels\SDNEnvironment\WaveGuide.hpp">
      <Filter>include\EnvironmentModels\SDNEnvironment</Filter>
    </ClInclude>
    <ClInclude Include="..\..\..\BRTLibrary\include\ProcessingModules\AmbisonicDomainConvolver.hpp">
      <Filter>include\ProcessingModules</Filter>
    </ClInclude>
    <ClInclude Include="..\..\..\BRTLibrary\include\ProcessingModules\AmbisonicDomainConvolverProcessor.hpp">
      <Filter>include\ProcessingModules</Filter>
    </ClInclude>
    <ClInclude Include="..\..\..\BRTLibrary\include\ProcessingModules\AmbisonicEncoder.hpp">
      <Filter>include\ProcessingModules</Filter>
    </ClInclude>
    <ClInclude Include="..\..\..\BRTLibrary\include\ProcessingModules\BilateralAmbisonicEncoder.hpp">
      <Filter>include\ProcessingModules</Filter>
    </ClInclude>
    <ClInclude Include="..\..\..\BRTLibrary\include\ProcessingModules\BilateralAmbisonicEncoderProcessor.hpp">
      <Filter>include\ProcessingModules</Filter>
    </ClInclude>
    <ClInclude Include="..\..\..\BRTLibrary\include\ProcessingModules\BinauralFilter.hpp">
      <Filter>include\ProcessingModules</Filter>
    </ClInclude>
    <ClInclude Include="..\..\..\BRTLibrary\include\ProcessingModules\DirectivityTFConvolver.hpp">
      <Filter>include\ProcessingModules</Filter>
    </ClInclude>
    <ClInclude Include="..\..\..\BRTLibrary\include\ProcessingModules\DistanceAttenuator.hpp">
      <Filter>include\ProcessingModules</Filter>
    </ClInclude>
    <ClInclude Include="..\..\..\BRTLibrary\include\ProcessingModules\HRTFConvolver.hpp">
      <Filter>include\ProcessingModules</Filter>
    </ClInclude>
    <ClInclude Include="..\..\..\BRTLibrary\include\ProcessingModules\HRTFConvolverProcessor.hpp">
      <Filter>include\ProcessingModules</Filter>
    </ClInclude>
    <ClInclude Include="..\..\..\BRTLibrary\include\ProcessingModules\NearFieldEffectProcessor.hpp">
      <Filter>include\ProcessingModules</Filter>
    </ClInclude>
    <ClInclude Include="..\..\..\BRTLibrary\include\ProcessingModules\UniformPartitionedConvolution.hpp">
      <Filter>include\ProcessingModules</Filter>
    </ClInclude>
    <ClInclude Include="..\..\..\BRTLibrary\include\ServiceModules\AmbisonicBIR.hpp">
      <Filter>include\ServiceModules</Filter>
    </ClInclude>
    <ClInclude Include="..\..\..\BRTLibrary\include\ServiceModules\DirectivityTF.hpp">
      <Filter>include\ServiceModules</Filter>
    </ClInclude>
    <ClInclude Include="..\..\..\BRTLibrary\include\ServiceModules\DirectivityTFAuxiliarMethods.hpp">
      <Filter>include\ServiceModules</Filter>
    </ClInclude>
    <ClInclude Include="..\..\..\BRTLibrary\include\ServiceModules\DirectivityTFDefinitions.hpp">
      <Filter>include\ServiceModules</Filter>
    </ClInclude>
    <ClInclude Include="..\..\..\BRTLibrary\include\ServiceModules\Extrapolation.hpp">
      <Filter>include\ServiceModules</Filter>
    </ClInclude>
    <ClInclude Include="..\..\..\BRTLibrary\include\ServiceModules\GridsManager.hpp">
      <Filter>include\ServiceModules</Filter>
    </ClInclude>
    <ClInclude Include="..\..\..\BRTLibrary\include\ServiceModules\HRBRIR.hpp">
      <Filter>include\ServiceModules</Filter>
    </ClInclude>
    <ClInclude Include="..\..\..\BRTLibrary\include\ServiceModules\HRTF.hpp">
      <Filter>include\ServiceModules</Filter>
    </ClInclude>
    <ClInclude Include="..\..\..\BRTLibrary\include\ServiceModules\HRTFAuxiliarMethods.hpp">
      <Filter>include\ServiceModules</Filter>
    </ClInclude>
    <ClInclude Include="..\..\..\BRTLibrary\include\ServiceModules\HRTFDefinitions.hpp">
      <Filter>include\ServiceModules</Filter>
    </ClInclude>
    <ClInclude Include="..\..\..\BRTLibrary\include\ServiceModules\HRTFTester.hpp">
      <Filter>include\ServiceModules</Filter>
    </ClInclude>
    <ClInclude Include="..\..\..\BRTLibrary\include\ServiceModules\InterpolationAuxiliarMethods.hpp">
      <Filter>include\ServiceModules</Filter>
    </ClInclude>
    <ClInclude Include="..\..\..\BRTLibrary\include\ServiceModules\OfflineInterpolation.hpp">
      <Filter>include\ServiceModules</Filter>
    </ClInclude>
    <ClInclude Include="..\..\..\BRTLibrary\include\ServiceModules\OfflineInterpolationAuxiliarMethods.hpp">
      <Filter>include\ServiceModules</Filter>
    </ClInclude>
    <ClInclude Include="..\..\..\BRTLibrary\include\ServiceModules\OnlineInterpolation.hpp">
      <Filter>include\ServiceModules</Filter>
    </ClInclude>
    <ClInclude Include="..\..\..\BRTLibrary\include\ServiceModules\ServicesBase.hpp">
      <Filter>include\ServiceModules</Filter>
    </ClInclude>
    <ClInclude Include="..\..\..\BRTLibrary\include\ServiceModules\SOSFilters.hpp">
      <Filter>include\ServiceModules</Filter>
    </ClInclude>
    <ClInclude Include="..\..\..\BRTLibrary\include\ServiceModules\VirtualSpeakers.hpp">
      <Filter>include\ServiceModules</Filter>
    </ClInclude>
    <ClInclude Include="..\..\..\BRTLibrary\include\SourceModels\SourceDirectivityModel.hpp">
      <Filter>include\SourceModels</Filter>
    </ClInclude>
    <ClInclude Include="..\..\..\BRTLibrary\include\SourceModels\SourceModelBase.hpp">
      <Filter>include\SourceModels</Filter>
    </ClInclude>
    <ClInclude Include="..\..\..\BRTLibrary\include\SourceModels\SourceSimpleModel.hpp">
      <Filter>include\SourceModels</Filter>
    </ClInclude>
    <ClInclude Include="..\..\..\BRTLibrary\include\SourceModels\VirtualSourceModel.hpp">
      <Filter>include\SourceModels</Filter>
    </ClInclude>
  </ItemGroup>
</Project>